proto_outdir = "./protos/third_party"

[[dependencies]]
  target = "github.com/protocolbuffers/protobuf/src/google/protobuf/timestamp.proto"
  revision = "fde7cf7358ec7cd69e8db9be4f1fa6a5c431386a"
  branch = ""
  path = "google/protobuf/timestamp.proto"

[[dependencies]]
  target = "github.com/grpc-ecosystem/grpc-gateway/third_party/googleapis/google"
  revision = "96e0d89cdc98e8d3be96851a66b2cff36082120b"
  branch = ""
  path = "google"
